
Microsoft Visual Studio Solution File, Format Version 12.00
# Visual Studio 15
VisualStudioVersion = 15.0.28307.1062
MinimumVisualStudioVersion = 10.0.40219.1
Project("{FAE04EC0-301F-11D3-BF4B-00C04F79EFBC}") = "ADO.NET_hw_lesson1", "ADO.NET_hw_lesson1\ADO.NET_hw_lesson1.csproj", "{77A85E4E-843E-44A7-9A57-DDC25B6D301C}"
EndProject
Global
	GlobalSection(SolutionConfigurationPlatforms) = preSolution
		Debug|Any CPU = Debug|Any CPU
		Release|Any CPU = Release|Any CPU
	EndGlobalSection
	GlobalSection(ProjectConfigurationPlatforms) = postSolution
		{77A85E4E-843E-44A7-9A57-DDC25B6D301C}.Debug|Any CPU.ActiveCfg = Debug|Any CPU
		{77A85E4E-843E-44A7-9A57-DDC25B6D301C}.Debug|Any CPU.Build.0 = Debug|Any CPU
		{77A85E4E-843E-44A7-9A57-DDC25B6D301C}.Release|Any CPU.ActiveCfg = Release|Any CPU
		{77A85E4E-843E-44A7-9A57-DDC25B6D301C}.Release|Any CPU.Build.0 = Release|Any CPU
	EndGlobalSection
	GlobalSection(SolutionProperties) = preSolution
		HideSolutionNode = FALSE
	EndGlobalSection
	GlobalSection(ExtensibilityGlobals) = postSolution
		SolutionGuid = {B5472F90-C262-441C-9AFA-BDEEC0027B3D}
	EndGlobalSection
EndGlobal
